
Microsoft Visual Studio Solution File, Format Version 12.00
Project("{2150E333-8FDC-42A3-9474-1A3956D46DE8}") = "Solution Items", "Solution Items", "{13A2A4A0-9317-401A-9DCB-77224AAD7202}"
	ProjectSection(SolutionItems) = preProject
		Directory.Build.props = Directory.Build.props
		.editorconfig = .editorconfig
		.gitignore = .gitignore
		Directory.Packages.props = Directory.Packages.props
		global.json = global.json
		README.md = README.md
	EndProjectSection
EndProject
Project("{2150E333-8FDC-42A3-9474-1A3956D46DE8}") = "src", "src", "{E1E209C8-052C-4B39-BEF6-248B30D1ED1C}"
EndProject
Project("{FAE04EC0-301F-11D3-BF4B-00C04F79EFBC}") = "Application", "src\Application\Application.csproj", "{FAB789E2-D179-4AF7-8F97-1E0E7A043418}"
EndProject
Project("{FAE04EC0-301F-11D3-BF4B-00C04F79EFBC}") = "Domain", "src\Domain\Domain.csproj", "{4CB231CB-186E-4BF8-B3EC-70165B91FFE9}"
EndProject
Project("{FAE04EC0-301F-11D3-BF4B-00C04F79EFBC}") = "Infrastructure", "src\Infrastructure\Infrastructure.csproj", "{5BAB8821-F0C1-4A97-869E-6C2B77CA52AE}"
EndProject
Project("{FAE04EC0-301F-11D3-BF4B-00C04F79EFBC}") = "WebApi", "src\WebApi\WebApi.csproj", "{0316558B-96C1-4756-93FF-D9CB3BA861F0}"
EndProject
Global
	GlobalSection(SolutionConfigurationPlatforms) = preSolution
		Debug|Any CPU = Debug|Any CPU
		Release|Any CPU = Release|Any CPU
	EndGlobalSection
	GlobalSection(NestedProjects) = preSolution
		{FAB789E2-D179-4AF7-8F97-1E0E7A043418} = {E1E209C8-052C-4B39-BEF6-248B30D1ED1C}
		{4CB231CB-186E-4BF8-B3EC-70165B91FFE9} = {E1E209C8-052C-4B39-BEF6-248B30D1ED1C}
		{5BAB8821-F0C1-4A97-869E-6C2B77CA52AE} = {E1E209C8-052C-4B39-BEF6-248B30D1ED1C}
		{0316558B-96C1-4756-93FF-D9CB3BA861F0} = {E1E209C8-052C-4B39-BEF6-248B30D1ED1C}
	EndGlobalSection
	GlobalSection(ProjectConfigurationPlatforms) = postSolution
		{FAB789E2-D179-4AF7-8F97-1E0E7A043418}.Debug|Any CPU.ActiveCfg = Debug|Any CPU
		{FAB789E2-D179-4AF7-8F97-1E0E7A043418}.Debug|Any CPU.Build.0 = Debug|Any CPU
		{FAB789E2-D179-4AF7-8F97-1E0E7A043418}.Release|Any CPU.ActiveCfg = Release|Any CPU
		{FAB789E2-D179-4AF7-8F97-1E0E7A043418}.Release|Any CPU.Build.0 = Release|Any CPU
		{4CB231CB-186E-4BF8-B3EC-70165B91FFE9}.Debug|Any CPU.ActiveCfg = Debug|Any CPU
		{4CB231CB-186E-4BF8-B3EC-70165B91FFE9}.Debug|Any CPU.Build.0 = Debug|Any CPU
		{4CB231CB-186E-4BF8-B3EC-70165B91FFE9}.Release|Any CPU.ActiveCfg = Release|Any CPU
		{4CB231CB-186E-4BF8-B3EC-70165B91FFE9}.Release|Any CPU.Build.0 = Release|Any CPU
		{5BAB8821-F0C1-4A97-869E-6C2B77CA52AE}.Debug|Any CPU.ActiveCfg = Debug|Any CPU
		{5BAB8821-F0C1-4A97-869E-6C2B77CA52AE}.Debug|Any CPU.Build.0 = Debug|Any CPU
		{5BAB8821-F0C1-4A97-869E-6C2B77CA52AE}.Release|Any CPU.ActiveCfg = Release|Any CPU
		{5BAB8821-F0C1-4A97-869E-6C2B77CA52AE}.Release|Any CPU.Build.0 = Release|Any CPU
		{0316558B-96C1-4756-93FF-D9CB3BA861F0}.Debug|Any CPU.ActiveCfg = Debug|Any CPU
		{0316558B-96C1-4756-93FF-D9CB3BA861F0}.Debug|Any CPU.Build.0 = Debug|Any CPU
		{0316558B-96C1-4756-93FF-D9CB3BA861F0}.Release|Any CPU.ActiveCfg = Release|Any CPU
		{0316558B-96C1-4756-93FF-D9CB3BA861F0}.Release|Any CPU.Build.0 = Release|Any CPU
	EndGlobalSection
EndGlobal
